
Microsoft Visual Studio Solution File, Format Version 12.00
# Visual Studio Version 16
VisualStudioVersion = 16.0.30517.126
MinimumVisualStudioVersion = 10.0.40219.1
Project("{8BC9CEB8-8B4A-11D0-8D11-00A0C91BC942}") = "GAME2001_A2_SzucsMikaiah", "GAME2001_A2_SzucsMikaiah\GAME2001_A2_SzucsMikaiah.vcxproj", "{7527705B-A1DF-48C3-88F7-ECC13E209355}"
EndProject
Global
	GlobalSection(SolutionConfigurationPlatforms) = preSolution
		Debug|x64 = Debug|x64
		Debug|x86 = Debug|x86
		Release|x64 = Release|x64
		Release|x86 = Release|x86
	EndGlobalSection
	GlobalSection(ProjectConfigurationPlatforms) = postSolution
		{7527705B-A1DF-48C3-88F7-ECC13E209355}.Debug|x64.ActiveCfg = Debug|x64
		{7527705B-A1DF-48C3-88F7-ECC13E209355}.Debug|x64.Build.0 = Debug|x64
		{7527705B-A1DF-48C3-88F7-ECC13E209355}.Debug|x86.ActiveCfg = Debug|Win32
		{7527705B-A1DF-48C3-88F7-ECC13E209355}.Debug|x86.Build.0 = Debug|Win32
		{7527705B-A1DF-48C3-88F7-ECC13E209355}.Release|x64.ActiveCfg = Release|x64
		{7527705B-A1DF-48C3-88F7-ECC13E209355}.Release|x64.Build.0 = Release|x64
		{7527705B-A1DF-48C3-88F7-ECC13E209355}.Release|x86.ActiveCfg = Release|Win32
		{7527705B-A1DF-48C3-88F7-ECC13E209355}.Release|x86.Build.0 = Release|Win32
	EndGlobalSection
	GlobalSection(SolutionProperties) = preSolution
		HideSolutionNode = FALSE
	EndGlobalSection
	GlobalSection(ExtensibilityGlobals) = postSolution
		SolutionGuid = {53869BE8-F72F-4D2E-9D10-AC906E7AA6D7}
	EndGlobalSection
EndGlobal
